
Microsoft Visual Studio Solution File, Format Version 12.00
# Visual Studio Version 17
VisualStudioVersion = 17.11.35327.3
MinimumVisualStudioVersion = 10.0.40219.1
Project("{FAE04EC0-301F-11D3-BF4B-00C04F79EFBC}") = "CompanyRegistry", "CompanyRegistry\CompanyRegistry.csproj", "{CC6266A7-9747-4C0B-BD20-2B85447BBEF3}"
EndProject
Global
	GlobalSection(SolutionConfigurationPlatforms) = preSolution
		Debug|Any CPU = Debug|Any CPU
		Release|Any CPU = Release|Any CPU
	EndGlobalSection
	GlobalSection(ProjectConfigurationPlatforms) = postSolution
		{CC6266A7-9747-4C0B-BD20-2B85447BBEF3}.Debug|Any CPU.ActiveCfg = Debug|Any CPU
		{CC6266A7-9747-4C0B-BD20-2B85447BBEF3}.Debug|Any CPU.Build.0 = Debug|Any CPU
		{CC6266A7-9747-4C0B-BD20-2B85447BBEF3}.Release|Any CPU.ActiveCfg = Release|Any CPU
		{CC6266A7-9747-4C0B-BD20-2B85447BBEF3}.Release|Any CPU.Build.0 = Release|Any CPU
	EndGlobalSection
	GlobalSection(SolutionProperties) = preSolution
		HideSolutionNode = FALSE
	EndGlobalSection
	GlobalSection(ExtensibilityGlobals) = postSolution
		SolutionGuid = {E149B504-B02B-488D-8AAA-D59A3B33013E}
	EndGlobalSection
EndGlobal
